
Microsoft Visual Studio Solution File, Format Version 12.00
# Visual Studio Version 17
VisualStudioVersion = 17.5.2.0
MinimumVisualStudioVersion = 10.0.40219.1
Project("{FAE04EC0-301F-11D3-BF4B-00C04F79EFBC}") = "Parcial2POO", "Parcial2POO.csproj", "{0FC0309B-DD55-D2E6-0C4B-FAAC819EC0D9}"
EndProject
Project("{FAE04EC0-301F-11D3-BF4B-00C04F79EFBC}") = "Examen2EstructuraDeDatos", "..\..\..\..\..\Estructura de Datos\2doParcial\Examen 2\Examen2EstructuraDeDatos\Examen2EstructuraDeDatos.csproj", "{D43DC761-4E19-47AB-8DCB-316F46899A23}"
EndProject
Global
	GlobalSection(SolutionConfigurationPlatforms) = preSolution
		Debug|Any CPU = Debug|Any CPU
		Debug|x64 = Debug|x64
		Debug|x86 = Debug|x86
		Release|Any CPU = Release|Any CPU
		Release|x64 = Release|x64
		Release|x86 = Release|x86
	EndGlobalSection
	GlobalSection(ProjectConfigurationPlatforms) = postSolution
		{0FC0309B-DD55-D2E6-0C4B-FAAC819EC0D9}.Debug|Any CPU.ActiveCfg = Debug|Any CPU
		{0FC0309B-DD55-D2E6-0C4B-FAAC819EC0D9}.Debug|Any CPU.Build.0 = Debug|Any CPU
		{0FC0309B-DD55-D2E6-0C4B-FAAC819EC0D9}.Debug|x64.ActiveCfg = Debug|Any CPU
		{0FC0309B-DD55-D2E6-0C4B-FAAC819EC0D9}.Debug|x64.Build.0 = Debug|Any CPU
		{0FC0309B-DD55-D2E6-0C4B-FAAC819EC0D9}.Debug|x86.ActiveCfg = Debug|Any CPU
		{0FC0309B-DD55-D2E6-0C4B-FAAC819EC0D9}.Debug|x86.Build.0 = Debug|Any CPU
		{0FC0309B-DD55-D2E6-0C4B-FAAC819EC0D9}.Release|Any CPU.ActiveCfg = Release|Any CPU
		{0FC0309B-DD55-D2E6-0C4B-FAAC819EC0D9}.Release|Any CPU.Build.0 = Release|Any CPU
		{0FC0309B-DD55-D2E6-0C4B-FAAC819EC0D9}.Release|x64.ActiveCfg = Release|Any CPU
		{0FC0309B-DD55-D2E6-0C4B-FAAC819EC0D9}.Release|x64.Build.0 = Release|Any CPU
		{0FC0309B-DD55-D2E6-0C4B-FAAC819EC0D9}.Release|x86.ActiveCfg = Release|Any CPU
		{0FC0309B-DD55-D2E6-0C4B-FAAC819EC0D9}.Release|x86.Build.0 = Release|Any CPU
		{D43DC761-4E19-47AB-8DCB-316F46899A23}.Debug|Any CPU.ActiveCfg = Debug|Any CPU
		{D43DC761-4E19-47AB-8DCB-316F46899A23}.Debug|Any CPU.Build.0 = Debug|Any CPU
		{D43DC761-4E19-47AB-8DCB-316F46899A23}.Debug|x64.ActiveCfg = Debug|Any CPU
		{D43DC761-4E19-47AB-8DCB-316F46899A23}.Debug|x64.Build.0 = Debug|Any CPU
		{D43DC761-4E19-47AB-8DCB-316F46899A23}.Debug|x86.ActiveCfg = Debug|Any CPU
		{D43DC761-4E19-47AB-8DCB-316F46899A23}.Debug|x86.Build.0 = Debug|Any CPU
		{D43DC761-4E19-47AB-8DCB-316F46899A23}.Release|Any CPU.ActiveCfg = Release|Any CPU
		{D43DC761-4E19-47AB-8DCB-316F46899A23}.Release|Any CPU.Build.0 = Release|Any CPU
		{D43DC761-4E19-47AB-8DCB-316F46899A23}.Release|x64.ActiveCfg = Release|Any CPU
		{D43DC761-4E19-47AB-8DCB-316F46899A23}.Release|x64.Build.0 = Release|Any CPU
		{D43DC761-4E19-47AB-8DCB-316F46899A23}.Release|x86.ActiveCfg = Release|Any CPU
		{D43DC761-4E19-47AB-8DCB-316F46899A23}.Release|x86.Build.0 = Release|Any CPU
	EndGlobalSection
	GlobalSection(SolutionProperties) = preSolution
		HideSolutionNode = FALSE
	EndGlobalSection
	GlobalSection(ExtensibilityGlobals) = postSolution
		SolutionGuid = {6DA11C9A-4292-4541-BA74-1E4B3C7C5E49}
	EndGlobalSection
EndGlobal
